
Microsoft Visual Studio Solution File, Format Version 12.00
# Visual Studio 15
VisualStudioVersion = 15.0.27428.2037
MinimumVisualStudioVersion = 10.0.40219.1
Project("{FAE04EC0-301F-11D3-BF4B-00C04F79EFBC}") = "HyTekLanguageApplication", "HyTekLanguageApplication.csproj", "{8A44811C-A4A3-4DE0-B5C0-2EF2B108BC37}"
EndProject
Global
	GlobalSection(SolutionConfigurationPlatforms) = preSolution
		Debug|Any CPU = Debug|Any CPU
		Release|Any CPU = Release|Any CPU
	EndGlobalSection
	GlobalSection(ProjectConfigurationPlatforms) = postSolution
		{8A44811C-A4A3-4DE0-B5C0-2EF2B108BC37}.Debug|Any CPU.ActiveCfg = Debug|Any CPU
		{8A44811C-A4A3-4DE0-B5C0-2EF2B108BC37}.Debug|Any CPU.Build.0 = Debug|Any CPU
		{8A44811C-A4A3-4DE0-B5C0-2EF2B108BC37}.Release|Any CPU.ActiveCfg = Release|Any CPU
		{8A44811C-A4A3-4DE0-B5C0-2EF2B108BC37}.Release|Any CPU.Build.0 = Release|Any CPU
	EndGlobalSection
	GlobalSection(SolutionProperties) = preSolution
		HideSolutionNode = FALSE
	EndGlobalSection
	GlobalSection(ExtensibilityGlobals) = postSolution
		SolutionGuid = {ECD110DE-5774-4385-A480-41FC97E88A8B}
	EndGlobalSection
EndGlobal
